// !$*UTF8*$!
{
	archiveVersion = 1;
	classes = {
	};
	objectVersion = 56;
	objects = {

/* Begin PBXBuildFile section */
		CE5A4FD929A13C5800EB9D49 /* AppDelegate.swift in Sources */ = {isa = PBXBuildFile; fileRef = CE5A4FD829A13C5800EB9D49 /* AppDelegate.swift */; };
		CE5A4FDB29A13C5800EB9D49 /* SceneDelegate.swift in Sources */ = {isa = PBXBuildFile; fileRef = CE5A4FDA29A13C5800EB9D49 /* SceneDelegate.swift */; };
		CE5A4FDD29A13C5800EB9D49 /* ViewController.swift in Sources */ = {isa = PBXBuildFile; fileRef = CE5A4FDC29A13C5800EB9D49 /* ViewController.swift */; };
		CE5A4FE029A13C5800EB9D49 /* Main.storyboard in Resources */ = {isa = PBXBuildFile; fileRef = CE5A4FDE29A13C5800EB9D49 /* Main.storyboard */; };
		CE5A4FE229A13C5A00EB9D49 /* Assets.xcassets in Resources */ = {isa = PBXBuildFile; fileRef = CE5A4FE129A13C5A00EB9D49 /* Assets.xcassets */; };
		CE5A4FE529A13C5A00EB9D49 /* LaunchScreen.storyboard in Resources */ = {isa = PBXBuildFile; fileRef = CE5A4FE329A13C5A00EB9D49 /* LaunchScreen.storyboard */; };
		CE5A4FF029A13C5A00EB9D49 /* myDiceeTests.swift in Sources */ = {isa = PBXBuildFile; fileRef = CE5A4FEF29A13C5A00EB9D49 /* myDiceeTests.swift */; };
		CE5A4FFA29A13C5B00EB9D49 /* myDiceeUITests.swift in Sources */ = {isa = PBXBuildFile; fileRef = CE5A4FF929A13C5B00EB9D49 /* myDiceeUITests.swift */; };
		CE5A4FFC29A13C5B00EB9D49 /* myDiceeUITestsLaunchTests.swift in Sources */ = {isa = PBXBuildFile; fileRef = CE5A4FFB29A13C5B00EB9D49 /* myDiceeUITestsLaunchTests.swift */; };
		CE5A500929A1415A00EB9D49 /* Fonts in Resources */ = {isa = PBXBuildFile; fileRef = CE5A500829A1415A00EB9D49 /* Fonts */; };
/* End PBXBuildFile section */

/* Begin PBXContainerItemProxy section */
		CE5A4FEC29A13C5A00EB9D49 /* PBXContainerItemProxy */ = {
			isa = PBXContainerItemProxy;
			containerPortal = CE5A4FCD29A13C5800EB9D49 /* Project object */;
			proxyType = 1;
			remoteGlobalIDString = CE5A4FD429A13C5800EB9D49;
			remoteInfo = myDicee;
		};
		CE5A4FF629A13C5B00EB9D49 /* PBXContainerItemProxy */ = {
			isa = PBXContainerItemProxy;
			containerPortal = CE5A4FCD29A13C5800EB9D49 /* Project object */;
			proxyType = 1;
			remoteGlobalIDString = CE5A4FD429A13C5800EB9D49;
			remoteInfo = myDicee;
		};
/* End PBXContainerItemProxy section */

/* Begin PBXFileReference section */
		CE5A4FD529A13C5800EB9D49 /* myDicee.app */ = {isa = PBXFileReference; explicitFileType = wrapper.application; includeInIndex = 0; path = myDicee.app; sourceTree = BUILT_PRODUCTS_DIR; };
		CE5A4FD829A13C5800EB9D49 /* AppDelegate.swift */ = {isa = PBXFileReference; lastKnownFileType = sourcecode.swift; path = AppDelegate.swift; sourceTree = "<group>"; };
		CE5A4FDA29A13C5800EB9D49 /* SceneDelegate.swift */ = {isa = PBXFileReference; lastKnownFileType = sourcecode.swift; path = SceneDelegate.swift; sourceTree = "<group>"; };
		CE5A4FDC29A13C5800EB9D49 /* ViewController.swift */ = {isa = PBXFileReference; lastKnownFileType = sourcecode.swift; path = ViewController.swift; sourceTree = "<group>"; };
		CE5A4FDF29A13C5800EB9D49 /* Base */ = {isa = PBXFileReference; lastKnownFileType = file.storyboard; name = Base; path = Base.lproj/Main.storyboard; sourceTree = "<group>"; };
		CE5A4FE129A13C5A00EB9D49 /* Assets.xcassets */ = {isa = PBXFileReference; lastKnownFileType = folder.assetcatalog; path = Assets.xcassets; sourceTree = "<group>"; };
		CE5A4FE429A13C5A00EB9D49 /* Base */ = {isa = PBXFileReference; lastKnownFileType = file.storyboard; name = Base; path = Base.lproj/LaunchScreen.storyboard; sourceTree = "<group>"; };
		CE5A4FE629A13C5A00EB9D49 /* Info.plist */ = {isa = PBXFileReference; lastKnownFileType = text.plist.xml; path = Info.plist; sourceTree = "<group>"; };
		CE5A4FEB29A13C5A00EB9D49 /* myDiceeTests.xctest */ = {isa = PBXFileReference; explicitFileType = wrapper.cfbundle; includeInIndex = 0; path = myDiceeTests.xctest; sourceTree = BUILT_PRODUCTS_DIR; };
		CE5A4FEF29A13C5A00EB9D49 /* myDiceeTests.swift */ = {isa = PBXFileReference; lastKnownFileType = sourcecode.swift; path = myDiceeTests.swift; sourceTree = "<group>"; };
		CE5A4FF529A13C5B00EB9D49 /* myDiceeUITests.xctest */ = {isa = PBXFileReference; explicitFileType = wrapper.cfbundle; includeInIndex = 0; path = myDiceeUITests.xctest; sourceTree = BUILT_PRODUCTS_DIR; };
		CE5A4FF929A13C5B00EB9D49 /* myDiceeUITests.swift */ = {isa = PBXFileReference; lastKnownFileType = sourcecode.swift; path = myDiceeUITests.swift; sourceTree = "<group>"; };
		CE5A4FFB29A13C5B00EB9D49 /* myDiceeUITestsLaunchTests.swift */ = {isa = PBXFileReference; lastKnownFileType = sourcecode.swift; path = myDiceeUITestsLaunchTests.swift; sourceTree = "<group>"; };
		CE5A500829A1415A00EB9D49 /* Fonts */ = {isa = PBXFileReference; lastKnownFileType = folder; path = Fonts; sourceTree = "<group>"; };
/* End PBXFileReference section */

/* Begin PBXFrameworksBuildPhase section */
		CE5A4FD229A13C5800EB9D49 /* Frameworks */ = {
			isa = PBXFrameworksBuildPhase;
			buildActionMask = 2147483647;
			files = (
			);
			runOnlyForDeploymentPostprocessing = 0;
		};
		CE5A4FE829A13C5A00EB9D49 /* Frameworks */ = {
			isa = PBXFrameworksBuildPhase;
			buildActionMask = 2147483647;
			files = (
			);
			runOnlyForDeploymentPostprocessing = 0;
		};
		CE5A4FF229A13C5B00EB9D49 /* Frameworks */ = {
			isa = PBXFrameworksBuildPhase;
			buildActionMask = 2147483647;
			files = (
			);
			runOnlyForDeploymentPostprocessing = 0;
		};
/* End PBXFrameworksBuildPhase section */

/* Begin PBXGroup section */
		CE5A4FCC29A13C5800EB9D49 = {
			isa = PBXGroup;
			children = (
				CE5A4FD729A13C5800EB9D49 /* myDicee */,
				CE5A4FEE29A13C5A00EB9D49 /* myDiceeTests */,
				CE5A4FF829A13C5B00EB9D49 /* myDiceeUITests */,
				CE5A4FD629A13C5800EB9D49 /* Products */,
			);
			sourceTree = "<group>";
		};
		CE5A4FD629A13C5800EB9D49 /* Products */ = {
			isa = PBXGroup;
			children = (
				CE5A4FD529A13C5800EB9D49 /* myDicee.app */,
				CE5A4FEB29A13C5A00EB9D49 /* myDiceeTests.xctest */,
				CE5A4FF529A13C5B00EB9D49 /* myDiceeUITests.xctest */,
			);
			name = Products;
			sourceTree = "<group>";
		};
		CE5A4FD729A13C5800EB9D49 /* myDicee */ = {
			isa = PBXGroup;
			children = (
				CE5A4FD829A13C5800EB9D49 /* AppDelegate.swift */,
				CE5A4FDA29A13C5800EB9D49 /* SceneDelegate.swift */,
				CE5A4FDC29A13C5800EB9D49 /* ViewController.swift */,
				CE5A4FDE29A13C5800EB9D49 /* Main.storyboard */,
				CE5A500829A1415A00EB9D49 /* Fonts */,
				CE5A4FE129A13C5A00EB9D49 /* Assets.xcassets */,
				CE5A4FE329A13C5A00EB9D49 /* LaunchScreen.storyboard */,
				CE5A4FE629A13C5A00EB9D49 /* Info.plist */,
			);
			path = myDicee;
			sourceTree = "<group>";
		};
		CE5A4FEE29A13C5A00EB9D49 /* myDiceeTests */ = {
			isa = PBXGroup;
			children = (
				CE5A4FEF29A13C5A00EB9D49 /* myDiceeTests.swift */,
			);
			path = myDiceeTests;
			sourceTree = "<group>";
		};
		CE5A4FF829A13C5B00EB9D49 /* myDiceeUITests */ = {
			isa = PBXGroup;
			children = (
				CE5A4FF929A13C5B00EB9D49 /* myDiceeUITests.swift */,
				CE5A4FFB29A13C5B00EB9D49 /* myDiceeUITestsLaunchTests.swift */,
			);
			path = myDiceeUITests;
			sourceTree = "<group>";
		};
/* End PBXGroup section */

/* Begin PBXNativeTarget section */
		CE5A4FD429A13C5800EB9D49 /* myDicee */ = {
			isa = PBXNativeTarget;
			buildConfigurationList = CE5A4FFF29A13C5B00EB9D49 /* Build configuration list for PBXNativeTarget "myDicee" */;
			buildPhases = (
				CE5A4FD129A13C5800EB9D49 /* Sources */,
				CE5A4FD229A13C5800EB9D49 /* Frameworks */,
				CE5A4FD329A13C5800EB9D49 /* Resources */,
			);
			buildRules = (
			);
			dependencies = (
			);
			name = myDicee;
			productName = myDicee;
			productReference = CE5A4FD529A13C5800EB9D49 /* myDicee.app */;
			productType = "com.apple.product-type.application";
		};
		CE5A4FEA29A13C5A00EB9D49 /* myDiceeTests */ = {
			isa = PBXNativeTarget;
			buildConfigurationList = CE5A500229A13C5B00EB9D49 /* Build configuration list for PBXNativeTarget "myDiceeTests" */;
			buildPhases = (
				CE5A4FE729A13C5A00EB9D49 /* Sources */,
				CE5A4FE829A13C5A00EB9D49 /* Frameworks */,
				CE5A4FE929A13C5A00EB9D49 /* Resources */,
			);
			buildRules = (
			);
			dependencies = (
				CE5A4FED29A13C5A00EB9D49 /* PBXTargetDependency */,
			);
			name = myDiceeTests;
			productName = myDiceeTests;
			productReference = CE5A4FEB29A13C5A00EB9D49 /* myDiceeTests.xctest */;
			productType = "com.apple.product-type.bundle.unit-test";
		};
		CE5A4FF429A13C5B00EB9D49 /* myDiceeUITests */ = {
			isa = PBXNativeTarget;
			buildConfigurationList = CE5A500529A13C5B00EB9D49 /* Build configuration list for PBXNativeTarget "myDiceeUITests" */;
			buildPhases = (
				CE5A4FF129A13C5B00EB9D49 /* Sources */,
				CE5A4FF229A13C5B00EB9D49 /* Frameworks */,
				CE5A4FF329A13C5B00EB9D49 /* Resources */,
			);
			buildRules = (
			);
			dependencies = (
				CE5A4FF729A13C5B00EB9D49 /* PBXTargetDependency */,
			);
			name = myDiceeUITests;
			productName = myDiceeUITests;
			productReference = CE5A4FF529A13C5B00EB9D49 /* myDiceeUITests.xctest */;
			productType = "com.apple.product-type.bundle.ui-testing";
		};
/* End PBXNativeTarget section */

/* Begin PBXProject section */
		CE5A4FCD29A13C5800EB9D49 /* Project object */ = {
			isa = PBXProject;
			attributes = {
				BuildIndependentTargetsInParallel = 1;
				LastSwiftUpdateCheck = 1420;
				LastUpgradeCheck = 1420;
				TargetAttributes = {
					CE5A4FD429A13C5800EB9D49 = {
						CreatedOnToolsVersion = 14.2;
					};
					CE5A4FEA29A13C5A00EB9D49 = {
						CreatedOnToolsVersion = 14.2;
						TestTargetID = CE5A4FD429A13C5800EB9D49;
					};
					CE5A4FF429A13C5B00EB9D49 = {
						CreatedOnToolsVersion = 14.2;
						TestTargetID = CE5A4FD429A13C5800EB9D49;
					};
				};
			};
			buildConfigurationList = CE5A4FD029A13C5800EB9D49 /* Build configuration list for PBXProject "myDicee" */;
			compatibilityVersion = "Xcode 14.0";
			developmentRegion = en;
			hasScannedForEncodings = 0;
			knownRegions = (
				en,
				Base,
			);
			mainGroup = CE5A4FCC29A13C5800EB9D49;
			productRefGroup = CE5A4FD629A13C5800EB9D49 /* Products */;
			projectDirPath = "";
			projectRoot = "";
			targets = (
				CE5A4FD429A13C5800EB9D49 /* myDicee */,
				CE5A4FEA29A13C5A00EB9D49 /* myDiceeTests */,
				CE5A4FF429A13C5B00EB9D49 /* myDiceeUITests */,
			);
		};
/* End PBXProject section */

/* Begin PBXResourcesBuildPhase section */
		CE5A4FD329A13C5800EB9D49 /* Resources */ = {
			isa = PBXResourcesBuildPhase;
			buildActionMask = 2147483647;
			files = (
				CE5A4FE529A13C5A00EB9D49 /* LaunchScreen.storyboard in Resources */,
				CE5A4FE229A13C5A00EB9D49 /* Assets.xcassets in Resources */,
				CE5A4FE029A13C5800EB9D49 /* Main.storyboard in Resources */,
				CE5A500929A1415A00EB9D49 /* Fonts in Resources */,
			);
			runOnlyForDeploymentPostprocessing = 0;
		};
		CE5A4FE929A13C5A00EB9D49 /* Resources */ = {
			isa = PBXResourcesBuildPhase;
			buildActionMask = 2147483647;
			files = (
			);
			runOnlyForDeploymentPostprocessing = 0;
		};
		CE5A4FF329A13C5B00EB9D49 /* Resources */ = {
			isa = PBXResourcesBuildPhase;
			buildActionMask = 2147483647;
			files = (
			);
			runOnlyForDeploymentPostprocessing = 0;
		};
/* End PBXResourcesBuildPhase section */

/* Begin PBXSourcesBuildPhase section */
		CE5A4FD129A13C5800EB9D49 /* Sources */ = {
			isa = PBXSourcesBuildPhase;
			buildActionMask = 2147483647;
			files = (
				CE5A4FDD29A13C5800EB9D49 /* ViewController.swift in Sources */,
				CE5A4FD929A13C5800EB9D49 /* AppDelegate.swift in Sources */,
				CE5A4FDB29A13C5800EB9D49 /* SceneDelegate.swift in Sources */,
			);
			runOnlyForDeploymentPostprocessing = 0;
		};
		CE5A4FE729A13C5A00EB9D49 /* Sources */ = {
			isa = PBXSourcesBuildPhase;
			buildActionMask = 2147483647;
			files = (
				CE5A4FF029A13C5A00EB9D49 /* myDiceeTests.swift in Sources */,
			);
			runOnlyForDeploymentPostprocessing = 0;
		};
		CE5A4FF129A13C5B00EB9D49 /* Sources */ = {
			isa = PBXSourcesBuildPhase;
			buildActionMask = 2147483647;
			files = (
				CE5A4FFA29A13C5B00EB9D49 /* myDiceeUITests.swift in Sources */,
				CE5A4FFC29A13C5B00EB9D49 /* myDiceeUITestsLaunchTests.swift in Sources */,
			);
			runOnlyForDeploymentPostprocessing = 0;
		};
/* End PBXSourcesBuildPhase section */

/* Begin PBXTargetDependency section */
		CE5A4FED29A13C5A00EB9D49 /* PBXTargetDependency */ = {
			isa = PBXTargetDependency;
			target = CE5A4FD429A13C5800EB9D49 /* myDicee */;
			targetProxy = CE5A4FEC29A13C5A00EB9D49 /* PBXContainerItemProxy */;
		};
		CE5A4FF729A13C5B00EB9D49 /* PBXTargetDependency */ = {
			isa = PBXTargetDependency;
			target = CE5A4FD429A13C5800EB9D49 /* myDicee */;
			targetProxy = CE5A4FF629A13C5B00EB9D49 /* PBXContainerItemProxy */;
		};
/* End PBXTargetDependency section */

/* Begin PBXVariantGroup section */
		CE5A4FDE29A13C5800EB9D49 /* Main.storyboard */ = {
			isa = PBXVariantGroup;
			children = (
				CE5A4FDF29A13C5800EB9D49 /* Base */,
			);
			name = Main.storyboard;
			sourceTree = "<group>";
		};
		CE5A4FE329A13C5A00EB9D49 /* LaunchScreen.storyboard */ = {
			isa = PBXVariantGroup;
			children = (
				CE5A4FE429A13C5A00EB9D49 /* Base */,
			);
			name = LaunchScreen.storyboard;
			sourceTree = "<group>";
		};
/* End PBXVariantGroup section */

/* Begin XCBuildConfiguration section */
		CE5A4FFD29A13C5B00EB9D49 /* Debug */ = {
			isa = XCBuildConfiguration;
			buildSettings = {
				ALWAYS_SEARCH_USER_PATHS = NO;
				CLANG_ANALYZER_NONNULL = YES;
				CLANG_ANALYZER_NUMBER_OBJECT_CONVERSION = YES_AGGRESSIVE;
				CLANG_CXX_LANGUAGE_STANDARD = "gnu++20";
				CLANG_ENABLE_MODULES = YES;
				CLANG_ENABLE_OBJC_ARC = YES;
				CLANG_ENABLE_OBJC_WEAK = YES;
				CLANG_WARN_BLOCK_CAPTURE_AUTORELEASING = YES;
				CLANG_WARN_BOOL_CONVERSION = YES;
				CLANG_WARN_COMMA = YES;
				CLANG_WARN_CONSTANT_CONVERSION = YES;
				CLANG_WARN_DEPRECATED_OBJC_IMPLEMENTATIONS = YES;
				CLANG_WARN_DIRECT_OBJC_ISA_USAGE = YES_ERROR;
				CLANG_WARN_DOCUMENTATION_COMMENTS = YES;
				CLANG_WARN_EMPTY_BODY = YES;
				CLANG_WARN_ENUM_CONVERSION = YES;
				CLANG_WARN_INFINITE_RECURSION = YES;
				CLANG_WARN_INT_CONVERSION = YES;
				CLANG_WARN_NON_LITERAL_NULL_CONVERSION = YES;
				CLANG_WARN_OBJC_IMPLICIT_RETAIN_SELF = YES;
				CLANG_WARN_OBJC_LITERAL_CONVERSION = YES;
				CLANG_WARN_OBJC_ROOT_CLASS = YES_ERROR;
				CLANG_WARN_QUOTED_INCLUDE_IN_FRAMEWORK_HEADER = YES;
				CLANG_WARN_RANGE_LOOP_ANALYSIS = YES;
				CLANG_WARN_STRICT_PROTOTYPES = YES;
				CLANG_WARN_SUSPICIOUS_MOVE = YES;
				CLANG_WARN_UNGUARDED_AVAILABILITY = YES_AGGRESSIVE;
				CLANG_WARN_UNREACHABLE_CODE = YES;
				CLANG_WARN__DUPLICATE_METHOD_MATCH = YES;
				COPY_PHASE_STRIP = NO;
				DEBUG_INFORMATION_FORMAT = dwarf;
				ENABLE_STRICT_OBJC_MSGSEND = YES;
				ENABLE_TESTABILITY = YES;
				GCC_C_LANGUAGE_STANDARD = gnu11;
				GCC_DYNAMIC_NO_PIC = NO;
				GCC_NO_COMMON_BLOCKS = YES;
				GCC_OPTIMIZATION_LEVEL = 0;
				GCC_PREPROCESSOR_DEFINITIONS = (
					"DEBUG=1",
					"$(inherited)",
				);
				GCC_WARN_64_TO_32_BIT_CONVERSION = YES;
				GCC_WARN_ABOUT_RETURN_TYPE = YES_ERROR;
				GCC_WARN_UNDECLARED_SELECTOR = YES;
				GCC_WARN_UNINITIALIZED_AUTOS = YES_AGGRESSIVE;
				GCC_WARN_UNUSED_FUNCTION = YES;
				GCC_WARN_UNUSED_VARIABLE = YES;
				IPHONEOS_DEPLOYMENT_TARGET = 16.2;
				MTL_ENABLE_DEBUG_INFO = INCLUDE_SOURCE;
				MTL_FAST_MATH = YES;
				ONLY_ACTIVE_ARCH = YES;
				SDKROOT = iphoneos;
				SWIFT_ACTIVE_COMPILATION_CONDITIONS = DEBUG;
				SWIFT_OPTIMIZATION_LEVEL = "-Onone";
			};
			name = Debug;
		};
		CE5A4FFE29A13C5B00EB9D49 /* Release */ = {
			isa = XCBuildConfiguration;
			buildSettings = {
				ALWAYS_SEARCH_USER_PATHS = NO;
				CLANG_ANALYZER_NONNULL = YES;
				CLANG_ANALYZER_NUMBER_OBJECT_CONVERSION = YES_AGGRESSIVE;
				CLANG_CXX_LANGUAGE_STANDARD = "gnu++20";
				CLANG_ENABLE_MODULES = YES;
				CLANG_ENABLE_OBJC_ARC = YES;
				CLANG_ENABLE_OBJC_WEAK = YES;
				CLANG_WARN_BLOCK_CAPTURE_AUTORELEASING = YES;
				CLANG_WARN_BOOL_CONVERSION = YES;
				CLANG_WARN_COMMA = YES;
				CLANG_WARN_CONSTANT_CONVERSION = YES;
				CLANG_WARN_DEPRECATED_OBJC_IMPLEMENTATIONS = YES;
				CLANG_WARN_DIRECT_OBJC_ISA_USAGE = YES_ERROR;
				CLANG_WARN_DOCUMENTATION_COMMENTS = YES;
				CLANG_WARN_EMPTY_BODY = YES;
				CLANG_WARN_ENUM_CONVERSION = YES;
				CLANG_WARN_INFINITE_RECURSION = YES;
				CLANG_WARN_INT_CONVERSION = YES;
				CLANG_WARN_NON_LITERAL_NULL_CONVERSION = YES;
				CLANG_WARN_OBJC_IMPLICIT_RETAIN_SELF = YES;
				CLANG_WARN_OBJC_LITERAL_CONVERSION = YES;
				CLANG_WARN_OBJC_ROOT_CLASS = YES_ERROR;
				CLANG_WARN_QUOTED_INCLUDE_IN_FRAMEWORK_HEADER = YES;
				CLANG_WARN_RANGE_LOOP_ANALYSIS = YES;
				CLANG_WARN_STRICT_PROTOTYPES = YES;
				CLANG_WARN_SUSPICIOUS_MOVE = YES;
				CLANG_WARN_UNGUARDED_AVAILABILITY = YES_AGGRESSIVE;
				CLANG_WARN_UNREACHABLE_CODE = YES;
				CLANG_WARN__DUPLICATE_METHOD_MATCH = YES;
				COPY_PHASE_STRIP = NO;
				DEBUG_INFORMATION_FORMAT = "dwarf-with-dsym";
				ENABLE_NS_ASSERTIONS = NO;
				ENABLE_STRICT_OBJC_MSGSEND = YES;
				GCC_C_LANGUAGE_STANDARD = gnu11;
				GCC_NO_COMMON_BLOCKS = YES;
				GCC_WARN_64_TO_32_BIT_CONVERSION = YES;
				GCC_WARN_ABOUT_RETURN_TYPE = YES_ERROR;
				GCC_WARN_UNDECLARED_SELECTOR = YES;
				GCC_WARN_UNINITIALIZED_AUTOS = YES_AGGRESSIVE;
				GCC_WARN_UNUSED_FUNCTION = YES;
				GCC_WARN_UNUSED_VARIABLE = YES;
				IPHONEOS_DEPLOYMENT_TARGET = 16.2;
				MTL_ENABLE_DEBUG_INFO = NO;
				MTL_FAST_MATH = YES;
				SDKROOT = iphoneos;
				SWIFT_COMPILATION_MODE = wholemodule;
				SWIFT_OPTIMIZATION_LEVEL = "-O";
				VALIDATE_PRODUCT = YES;
			};
			name = Release;
		};
		CE5A500029A13C5B00EB9D49 /* Debug */ = {
			isa = XCBuildConfiguration;
			buildSettings = {
				ASSETCATALOG_COMPILER_APPICON_NAME = AppIcon;
				ASSETCATALOG_COMPILER_GLOBAL_ACCENT_COLOR_NAME = AccentColor;
				CODE_SIGN_STYLE = Automatic;
				CURRENT_PROJECT_VERSION = 1;
				GENERATE_INFOPLIST_FILE = YES;
				INFOPLIST_FILE = myDicee/Info.plist;
				INFOPLIST_KEY_UIApplicationSupportsIndirectInputEvents = YES;
				INFOPLIST_KEY_UILaunchStoryboardName = LaunchScreen;
				INFOPLIST_KEY_UIMainStoryboardFile = Main;
				INFOPLIST_KEY_UISupportedInterfaceOrientations_iPad = "UIInterfaceOrientationPortrait UIInterfaceOrientationPortraitUpsideDown UIInterfaceOrientationLandscapeLeft UIInterfaceOrientationLandscapeRight";
				INFOPLIST_KEY_UISupportedInterfaceOrientations_iPhone = "UIInterfaceOrientationPortrait UIInterfaceOrientationLandscapeLeft UIInterfaceOrientationLandscapeRight";
				LD_RUNPATH_SEARCH_PATHS = (
					"$(inherited)",
					"@executable_path/Frameworks",
				);
				MARKETING_VERSION = 1.0;
				PRODUCT_BUNDLE_IDENTIFIER = com.fadza.myDicee;
				PRODUCT_NAME = "$(TARGET_NAME)";
				SWIFT_EMIT_LOC_STRINGS = YES;
				SWIFT_VERSION = 5.0;
				TARGETED_DEVICE_FAMILY = "1,2";
			};
			name = Debug;
		};
		CE5A500129A13C5B00EB9D49 /* Release */ = {
			isa = XCBuildConfiguration;
			buildSettings = {
				ASSETCATALOG_COMPILER_APPICON_NAME = AppIcon;
				ASSETCATALOG_COMPILER_GLOBAL_ACCENT_COLOR_NAME = AccentColor;
				CODE_SIGN_STYLE = Automatic;
				CURRENT_PROJECT_VERSION = 1;
				GENERATE_INFOPLIST_FILE = YES;
				INFOPLIST_FILE = myDicee/Info.plist;
				INFOPLIST_KEY_UIApplicationSupportsIndirectInputEvents = YES;
				INFOPLIST_KEY_UILaunchStoryboardName = LaunchScreen;
				INFOPLIST_KEY_UIMainStoryboardFile = Main;
				INFOPLIST_KEY_UISupportedInterfaceOrientations_iPad = "UIInterfaceOrientationPortrait UIInterfaceOrientationPortraitUpsideDown UIInterfaceOrientationLandscapeLeft UIInterfaceOrientationLandscapeRight";
				INFOPLIST_KEY_UISupportedInterfaceOrientations_iPhone = "UIInterfaceOrientationPortrait UIInterfaceOrientationLandscapeLeft UIInterfaceOrientationLandscapeRight";
				LD_RUNPATH_SEARCH_PATHS = (
					"$(inherited)",
					"@executable_path/Frameworks",
				);
				MARKETING_VERSION = 1.0;
				PRODUCT_BUNDLE_IDENTIFIER = com.fadza.myDicee;
				PRODUCT_NAME = "$(TARGET_NAME)";
				SWIFT_EMIT_LOC_STRINGS = YES;
				SWIFT_VERSION = 5.0;
				TARGETED_DEVICE_FAMILY = "1,2";
			};
			name = Release;
		};
		CE5A500329A13C5B00EB9D49 /* Debug */ = {
			isa = XCBuildConfiguration;
			buildSettings = {
				ALWAYS_EMBED_SWIFT_STANDARD_LIBRARIES = YES;
				BUNDLE_LOADER = "$(TEST_HOST)";
				CODE_SIGN_STYLE = Automatic;
				CURRENT_PROJECT_VERSION = 1;
				GENERATE_INFOPLIST_FILE = YES;
				IPHONEOS_DEPLOYMENT_TARGET = 16.2;
				MARKETING_VERSION = 1.0;
				PRODUCT_BUNDLE_IDENTIFIER = com.fadza.myDiceeTests;
				PRODUCT_NAME = "$(TARGET_NAME)";
				SWIFT_EMIT_LOC_STRINGS = NO;
				SWIFT_VERSION = 5.0;
				TARGETED_DEVICE_FAMILY = "1,2";
				TEST_HOST = "$(BUILT_PRODUCTS_DIR)/myDicee.app/$(BUNDLE_EXECUTABLE_FOLDER_PATH)/myDicee";
			};
			name = Debug;
		};
		CE5A500429A13C5B00EB9D49 /* Release */ = {
			isa = XCBuildConfiguration;
			buildSettings = {
				ALWAYS_EMBED_SWIFT_STANDARD_LIBRARIES = YES;
				BUNDLE_LOADER = "$(TEST_HOST)";
				CODE_SIGN_STYLE = Automatic;
				CURRENT_PROJECT_VERSION = 1;
				GENERATE_INFOPLIST_FILE = YES;
				IPHONEOS_DEPLOYMENT_TARGET = 16.2;
				MARKETING_VERSION = 1.0;
				PRODUCT_BUNDLE_IDENTIFIER = com.fadza.myDiceeTests;
				PRODUCT_NAME = "$(TARGET_NAME)";
				SWIFT_EMIT_LOC_STRINGS = NO;
				SWIFT_VERSION = 5.0;
				TARGETED_DEVICE_FAMILY = "1,2";
				TEST_HOST = "$(BUILT_PRODUCTS_DIR)/myDicee.app/$(BUNDLE_EXECUTABLE_FOLDER_PATH)/myDicee";
			};
			name = Release;
		};
		CE5A500629A13C5B00EB9D49 /* Debug */ = {
			isa = XCBuildConfiguration;
			buildSettings = {
				ALWAYS_EMBED_SWIFT_STANDARD_LIBRARIES = YES;
				CODE_SIGN_STYLE = Automatic;
				CURRENT_PROJECT_VERSION = 1;
				GENERATE_INFOPLIST_FILE = YES;
				MARKETING_VERSION = 1.0;
				PRODUCT_BUNDLE_IDENTIFIER = com.fadza.myDiceeUITests;
				PRODUCT_NAME = "$(TARGET_NAME)";
				SWIFT_EMIT_LOC_STRINGS = NO;
				SWIFT_VERSION = 5.0;
				TARGETED_DEVICE_FAMILY = "1,2";
				TEST_TARGET_NAME = myDicee;
			};
			name = Debug;
		};
		CE5A500729A13C5B00EB9D49 /* Release */ = {
			isa = XCBuildConfiguration;
			buildSettings = {
				ALWAYS_EMBED_SWIFT_STANDARD_LIBRARIES = YES;
				CODE_SIGN_STYLE = Automatic;
				CURRENT_PROJECT_VERSION = 1;
				GENERATE_INFOPLIST_FILE = YES;
				MARKETING_VERSION = 1.0;
				PRODUCT_BUNDLE_IDENTIFIER = com.fadza.myDiceeUITests;
				PRODUCT_NAME = "$(TARGET_NAME)";
				SWIFT_EMIT_LOC_STRINGS = NO;
				SWIFT_VERSION = 5.0;
				TARGETED_DEVICE_FAMILY = "1,2";
				TEST_TARGET_NAME = myDicee;
			};
			name = Release;
		};
/* End XCBuildConfiguration section */

/* Begin XCConfigurationList section */
		CE5A4FD029A13C5800EB9D49 /* Build configuration list for PBXProject "myDicee" */ = {
			isa = XCConfigurationList;
			buildConfigurations = (
				CE5A4FFD29A13C5B00EB9D49 /* Debug */,
				CE5A4FFE29A13C5B00EB9D49 /* Release */,
			);
			defaultConfigurationIsVisible = 0;
			defaultConfigurationName = Release;
		};
		CE5A4FFF29A13C5B00EB9D49 /* Build configuration list for PBXNativeTarget "myDicee" */ = {
			isa = XCConfigurationList;
			buildConfigurations = (
				CE5A500029A13C5B00EB9D49 /* Debug */,
				CE5A500129A13C5B00EB9D49 /* Release */,
			);
			defaultConfigurationIsVisible = 0;
			defaultConfigurationName = Release;
		};
		CE5A500229A13C5B00EB9D49 /* Build configuration list for PBXNativeTarget "myDiceeTests" */ = {
			isa = XCConfigurationList;
			buildConfigurations = (
				CE5A500329A13C5B00EB9D49 /* Debug */,
				CE5A500429A13C5B00EB9D49 /* Release */,
			);
			defaultConfigurationIsVisible = 0;
			defaultConfigurationName = Release;
		};
		CE5A500529A13C5B00EB9D49 /* Build configuration list for PBXNativeTarget "myDiceeUITests" */ = {
			isa = XCConfigurationList;
			buildConfigurations = (
				CE5A500629A13C5B00EB9D49 /* Debug */,
				CE5A500729A13C5B00EB9D49 /* Release */,
			);
			defaultConfigurationIsVisible = 0;
			defaultConfigurationName = Release;
		};
/* End XCConfigurationList section */
	};
	rootObject = CE5A4FCD29A13C5800EB9D49 /* Project object */;
}
